{
  "name": "clear-fashion",
  "lockfileVersion": 2,
  "requires": true,
  "packages": {
    "": {
      "dependencies": {
        "paginate-info": "^1.0.4"
      }
    },
    "node_modules/paginate-info": {
      "version": "1.0.4",
      "resolved": "https://registry.npmjs.org/paginate-info/-/paginate-info-1.0.4.tgz",
      "integrity": "sha512-wMJUQgitZgmxlHU8MbQc2GvXLh1MuejdiMnlYfA0iXBphbLQT9wuO8WtzmTw6CkPFavEAtlh8BPpBByrZijuaw=="
    }
  },
  "dependencies": {
    "paginate-info": {
      "version": "1.0.4",
      "resolved": "https://registry.npmjs.org/paginate-info/-/paginate-info-1.0.4.tgz",
      "integrity": "sha512-wMJUQgitZgmxlHU8MbQc2GvXLh1MuejdiMnlYfA0iXBphbLQT9wuO8WtzmTw6CkPFavEAtlh8BPpBByrZijuaw=="
    }
  }
}
